
Microsoft Visual Studio Solution File, Format Version 12.00
# Visual Studio Version 17
VisualStudioVersion = 17.12.35707.178 d17.12
MinimumVisualStudioVersion = 10.0.40219.1
Project("{FAE04EC0-301F-11D3-BF4B-00C04F79EFBC}") = "FinancialCrm", "FinancialCrm\FinancialCrm.csproj", "{86D1F9E3-548E-4F4D-B42D-BC057FD82835}"
EndProject
Global
	GlobalSection(SolutionConfigurationPlatforms) = preSolution
		Debug|Any CPU = Debug|Any CPU
		Release|Any CPU = Release|Any CPU
	EndGlobalSection
	GlobalSection(ProjectConfigurationPlatforms) = postSolution
		{86D1F9E3-548E-4F4D-B42D-BC057FD82835}.Debug|Any CPU.ActiveCfg = Debug|Any CPU
		{86D1F9E3-548E-4F4D-B42D-BC057FD82835}.Debug|Any CPU.Build.0 = Debug|Any CPU
		{86D1F9E3-548E-4F4D-B42D-BC057FD82835}.Release|Any CPU.ActiveCfg = Release|Any CPU
		{86D1F9E3-548E-4F4D-B42D-BC057FD82835}.Release|Any CPU.Build.0 = Release|Any CPU
	EndGlobalSection
	GlobalSection(SolutionProperties) = preSolution
		HideSolutionNode = FALSE
	EndGlobalSection
	GlobalSection(ExtensibilityGlobals) = postSolution
		SolutionGuid = {470BEF98-E8A0-42C3-9EF4-93A5BDAB8D4A}
	EndGlobalSection
EndGlobal
